
Microsoft Visual Studio Solution File, Format Version 12.00
# Visual Studio 15
VisualStudioVersion = 15.0.27428.2002
MinimumVisualStudioVersion = 10.0.40219.1
Project("{FAE04EC0-301F-11D3-BF4B-00C04F79EFBC}") = "PopuleleChords.Android", "PopuleleChords\PopuleleChords.Android\PopuleleChords.Android.csproj", "{658A6624-D71A-4AC4-9892-C36F2DE20E26}"
EndProject
Project("{FAE04EC0-301F-11D3-BF4B-00C04F79EFBC}") = "PopuleleChords.iOS", "PopuleleChords\PopuleleChords.iOS\PopuleleChords.iOS.csproj", "{E46472CA-5891-4DE5-8A7B-5EB64D76C3AD}"
EndProject
Project("{D954291E-2A0B-460D-934E-DC6B0785DB48}") = "PopuleleChords", "PopuleleChords\PopuleleChords\PopuleleChords.shproj", "{454F8FA7-B159-4F7D-84EB-8F26486BB011}"
EndProject
Global
	GlobalSection(SharedMSBuildProjectFiles) = preSolution
		PopuleleChords\PopuleleChords\PopuleleChords.projitems*{454f8fa7-b159-4f7d-84eb-8f26486bb011}*SharedItemsImports = 13
		PopuleleChords\PopuleleChords\PopuleleChords.projitems*{658a6624-d71a-4ac4-9892-c36f2de20e26}*SharedItemsImports = 4
		PopuleleChords\PopuleleChords\PopuleleChords.projitems*{e46472ca-5891-4de5-8a7b-5eb64d76c3ad}*SharedItemsImports = 4
	EndGlobalSection
	GlobalSection(SolutionConfigurationPlatforms) = preSolution
		Ad-Hoc|Any CPU = Ad-Hoc|Any CPU
		Ad-Hoc|iPhone = Ad-Hoc|iPhone
		Ad-Hoc|iPhoneSimulator = Ad-Hoc|iPhoneSimulator
		AppStore|Any CPU = AppStore|Any CPU
		AppStore|iPhone = AppStore|iPhone
		AppStore|iPhoneSimulator = AppStore|iPhoneSimulator
		Debug|Any CPU = Debug|Any CPU
		Debug|iPhone = Debug|iPhone
		Debug|iPhoneSimulator = Debug|iPhoneSimulator
		Release|Any CPU = Release|Any CPU
		Release|iPhone = Release|iPhone
		Release|iPhoneSimulator = Release|iPhoneSimulator
	EndGlobalSection
	GlobalSection(ProjectConfigurationPlatforms) = postSolution
		{658A6624-D71A-4AC4-9892-C36F2DE20E26}.Ad-Hoc|Any CPU.ActiveCfg = Release|Any CPU
		{658A6624-D71A-4AC4-9892-C36F2DE20E26}.Ad-Hoc|Any CPU.Build.0 = Release|Any CPU
		{658A6624-D71A-4AC4-9892-C36F2DE20E26}.Ad-Hoc|Any CPU.Deploy.0 = Release|Any CPU
		{658A6624-D71A-4AC4-9892-C36F2DE20E26}.Ad-Hoc|iPhone.ActiveCfg = Release|Any CPU
		{658A6624-D71A-4AC4-9892-C36F2DE20E26}.Ad-Hoc|iPhone.Build.0 = Release|Any CPU
		{658A6624-D71A-4AC4-9892-C36F2DE20E26}.Ad-Hoc|iPhone.Deploy.0 = Release|Any CPU
		{658A6624-D71A-4AC4-9892-C36F2DE20E26}.Ad-Hoc|iPhoneSimulator.ActiveCfg = Release|Any CPU
		{658A6624-D71A-4AC4-9892-C36F2DE20E26}.Ad-Hoc|iPhoneSimulator.Build.0 = Release|Any CPU
		{658A6624-D71A-4AC4-9892-C36F2DE20E26}.Ad-Hoc|iPhoneSimulator.Deploy.0 = Release|Any CPU
		{658A6624-D71A-4AC4-9892-C36F2DE20E26}.AppStore|Any CPU.ActiveCfg = Release|Any CPU
		{658A6624-D71A-4AC4-9892-C36F2DE20E26}.AppStore|Any CPU.Build.0 = Release|Any CPU
		{658A6624-D71A-4AC4-9892-C36F2DE20E26}.AppStore|Any CPU.Deploy.0 = Release|Any CPU
		{658A6624-D71A-4AC4-9892-C36F2DE20E26}.AppStore|iPhone.ActiveCfg = Release|Any CPU
		{658A6624-D71A-4AC4-9892-C36F2DE20E26}.AppStore|iPhone.Build.0 = Release|Any CPU
		{658A6624-D71A-4AC4-9892-C36F2DE20E26}.AppStore|iPhone.Deploy.0 = Release|Any CPU
		{658A6624-D71A-4AC4-9892-C36F2DE20E26}.AppStore|iPhoneSimulator.ActiveCfg = Release|Any CPU
		{658A6624-D71A-4AC4-9892-C36F2DE20E26}.AppStore|iPhoneSimulator.Build.0 = Release|Any CPU
		{658A6624-D71A-4AC4-9892-C36F2DE20E26}.AppStore|iPhoneSimulator.Deploy.0 = Release|Any CPU
		{658A6624-D71A-4AC4-9892-C36F2DE20E26}.Debug|Any CPU.ActiveCfg = Debug|Any CPU
		{658A6624-D71A-4AC4-9892-C36F2DE20E26}.Debug|Any CPU.Build.0 = Debug|Any CPU
		{658A6624-D71A-4AC4-9892-C36F2DE20E26}.Debug|Any CPU.Deploy.0 = Debug|Any CPU
		{658A6624-D71A-4AC4-9892-C36F2DE20E26}.Debug|iPhone.ActiveCfg = Debug|Any CPU
		{658A6624-D71A-4AC4-9892-C36F2DE20E26}.Debug|iPhone.Build.0 = Debug|Any CPU
		{658A6624-D71A-4AC4-9892-C36F2DE20E26}.Debug|iPhone.Deploy.0 = Debug|Any CPU
		{658A6624-D71A-4AC4-9892-C36F2DE20E26}.Debug|iPhoneSimulator.ActiveCfg = Debug|Any CPU
		{658A6624-D71A-4AC4-9892-C36F2DE20E26}.Debug|iPhoneSimulator.Build.0 = Debug|Any CPU
		{658A6624-D71A-4AC4-9892-C36F2DE20E26}.Debug|iPhoneSimulator.Deploy.0 = Debug|Any CPU
		{658A6624-D71A-4AC4-9892-C36F2DE20E26}.Release|Any CPU.ActiveCfg = Release|Any CPU
		{658A6624-D71A-4AC4-9892-C36F2DE20E26}.Release|Any CPU.Build.0 = Release|Any CPU
		{658A6624-D71A-4AC4-9892-C36F2DE20E26}.Release|Any CPU.Deploy.0 = Release|Any CPU
		{658A6624-D71A-4AC4-9892-C36F2DE20E26}.Release|iPhone.ActiveCfg = Release|Any CPU
		{658A6624-D71A-4AC4-9892-C36F2DE20E26}.Release|iPhone.Build.0 = Release|Any CPU
		{658A6624-D71A-4AC4-9892-C36F2DE20E26}.Release|iPhone.Deploy.0 = Release|Any CPU
		{658A6624-D71A-4AC4-9892-C36F2DE20E26}.Release|iPhoneSimulator.ActiveCfg = Release|Any CPU
		{658A6624-D71A-4AC4-9892-C36F2DE20E26}.Release|iPhoneSimulator.Build.0 = Release|Any CPU
		{658A6624-D71A-4AC4-9892-C36F2DE20E26}.Release|iPhoneSimulator.Deploy.0 = Release|Any CPU
		{E46472CA-5891-4DE5-8A7B-5EB64D76C3AD}.Ad-Hoc|Any CPU.ActiveCfg = Ad-Hoc|iPhone
		{E46472CA-5891-4DE5-8A7B-5EB64D76C3AD}.Ad-Hoc|iPhone.ActiveCfg = Ad-Hoc|iPhone
		{E46472CA-5891-4DE5-8A7B-5EB64D76C3AD}.Ad-Hoc|iPhone.Build.0 = Ad-Hoc|iPhone
		{E46472CA-5891-4DE5-8A7B-5EB64D76C3AD}.Ad-Hoc|iPhoneSimulator.ActiveCfg = Ad-Hoc|iPhoneSimulator
		{E46472CA-5891-4DE5-8A7B-5EB64D76C3AD}.Ad-Hoc|iPhoneSimulator.Build.0 = Ad-Hoc|iPhoneSimulator
		{E46472CA-5891-4DE5-8A7B-5EB64D76C3AD}.AppStore|Any CPU.ActiveCfg = AppStore|iPhone
		{E46472CA-5891-4DE5-8A7B-5EB64D76C3AD}.AppStore|iPhone.ActiveCfg = AppStore|iPhone
		{E46472CA-5891-4DE5-8A7B-5EB64D76C3AD}.AppStore|iPhone.Build.0 = AppStore|iPhone
		{E46472CA-5891-4DE5-8A7B-5EB64D76C3AD}.AppStore|iPhoneSimulator.ActiveCfg = AppStore|iPhoneSimulator
		{E46472CA-5891-4DE5-8A7B-5EB64D76C3AD}.AppStore|iPhoneSimulator.Build.0 = AppStore|iPhoneSimulator
		{E46472CA-5891-4DE5-8A7B-5EB64D76C3AD}.Debug|Any CPU.ActiveCfg = Debug|iPhone
		{E46472CA-5891-4DE5-8A7B-5EB64D76C3AD}.Debug|iPhone.ActiveCfg = Debug|iPhone
		{E46472CA-5891-4DE5-8A7B-5EB64D76C3AD}.Debug|iPhone.Build.0 = Debug|iPhone
		{E46472CA-5891-4DE5-8A7B-5EB64D76C3AD}.Debug|iPhoneSimulator.ActiveCfg = Debug|iPhoneSimulator
		{E46472CA-5891-4DE5-8A7B-5EB64D76C3AD}.Debug|iPhoneSimulator.Build.0 = Debug|iPhoneSimulator
		{E46472CA-5891-4DE5-8A7B-5EB64D76C3AD}.Release|Any CPU.ActiveCfg = Release|iPhone
		{E46472CA-5891-4DE5-8A7B-5EB64D76C3AD}.Release|iPhone.ActiveCfg = Release|iPhone
		{E46472CA-5891-4DE5-8A7B-5EB64D76C3AD}.Release|iPhone.Build.0 = Release|iPhone
		{E46472CA-5891-4DE5-8A7B-5EB64D76C3AD}.Release|iPhoneSimulator.ActiveCfg = Release|iPhoneSimulator
		{E46472CA-5891-4DE5-8A7B-5EB64D76C3AD}.Release|iPhoneSimulator.Build.0 = Release|iPhoneSimulator
	EndGlobalSection
	GlobalSection(SolutionProperties) = preSolution
		HideSolutionNode = FALSE
	EndGlobalSection
	GlobalSection(ExtensibilityGlobals) = postSolution
		SolutionGuid = {06BBD103-6583-4B2F-B7E3-039EAE07E57D}
	EndGlobalSection
EndGlobal
